{
  "object": {
    "pins": [
      {
        "package": "swift-nio",
        "repositoryURL": "https://github.com/apple/swift-nio.git",
        "state": {
          "branch": null,
          "revision": "21782f3bdc9581148d38d0ccaab6ec952ccda56b",
          "version": "2.28.0"
        }
      }
    ]
  },
  "version": 1
}
